
Microsoft Visual Studio Solution File, Format Version 12.00
# Visual Studio Version 17
VisualStudioVersion = 17.6.33329.54
MinimumVisualStudioVersion = 10.0.40219.1
Project("{9A19103F-16F7-4668-BE54-9A1E7A4F7556}") = "App", "app\App.csproj", "{687AB9B2-8CF6-40BD-9BC4-CA6FAB0FDA29}"
EndProject
Project("{9A19103F-16F7-4668-BE54-9A1E7A4F7556}") = "Lib", "lib\Lib.csproj", "{603C2E1E-AB78-4E2B-9681-FCF96FA7A247}"
EndProject
Global
	GlobalSection(SolutionConfigurationPlatforms) = preSolution
		Debug|Any CPU = Debug|Any CPU
		Release|Any CPU = Release|Any CPU
	EndGlobalSection
	GlobalSection(ProjectConfigurationPlatforms) = postSolution
		{687AB9B2-8CF6-40BD-9BC4-CA6FAB0FDA29}.Debug|Any CPU.ActiveCfg = Debug|Any CPU
		{687AB9B2-8CF6-40BD-9BC4-CA6FAB0FDA29}.Debug|Any CPU.Build.0 = Debug|Any CPU
		{687AB9B2-8CF6-40BD-9BC4-CA6FAB0FDA29}.Release|Any CPU.ActiveCfg = Release|Any CPU
		{687AB9B2-8CF6-40BD-9BC4-CA6FAB0FDA29}.Release|Any CPU.Build.0 = Release|Any CPU
		{603C2E1E-AB78-4E2B-9681-FCF96FA7A247}.Debug|Any CPU.ActiveCfg = Debug|Any CPU
		{603C2E1E-AB78-4E2B-9681-FCF96FA7A247}.Debug|Any CPU.Build.0 = Debug|Any CPU
		{603C2E1E-AB78-4E2B-9681-FCF96FA7A247}.Release|Any CPU.ActiveCfg = Release|Any CPU
		{603C2E1E-AB78-4E2B-9681-FCF96FA7A247}.Release|Any CPU.Build.0 = Release|Any CPU
	EndGlobalSection
	GlobalSection(SolutionProperties) = preSolution
		HideSolutionNode = FALSE
	EndGlobalSection
	GlobalSection(ExtensibilityGlobals) = postSolution
		SolutionGuid = {AC52587C-C1B0-4041-8EDC-3B22012DEB60}
	EndGlobalSection
EndGlobal
